
Microsoft Visual Studio Solution File, Format Version 12.00
# Visual Studio Version 16
VisualStudioVersion = 16.0.34601.136
MinimumVisualStudioVersion = 10.0.40219.1
Project("{FAE04EC0-301F-11D3-BF4B-00C04F79EFBC}") = "dvhBaiKiemTraGK", "dvhBaiKiemTraGK\dvhBaiKiemTraGK.csproj", "{69FCC1A3-E3E0-46AE-966D-029C4198FE1E}"
EndProject
Global
	GlobalSection(SolutionConfigurationPlatforms) = preSolution
		Debug|Any CPU = Debug|Any CPU
		Release|Any CPU = Release|Any CPU
	EndGlobalSection
	GlobalSection(ProjectConfigurationPlatforms) = postSolution
		{69FCC1A3-E3E0-46AE-966D-029C4198FE1E}.Debug|Any CPU.ActiveCfg = Debug|Any CPU
		{69FCC1A3-E3E0-46AE-966D-029C4198FE1E}.Debug|Any CPU.Build.0 = Debug|Any CPU
		{69FCC1A3-E3E0-46AE-966D-029C4198FE1E}.Release|Any CPU.ActiveCfg = Release|Any CPU
		{69FCC1A3-E3E0-46AE-966D-029C4198FE1E}.Release|Any CPU.Build.0 = Release|Any CPU
	EndGlobalSection
	GlobalSection(SolutionProperties) = preSolution
		HideSolutionNode = FALSE
	EndGlobalSection
	GlobalSection(ExtensibilityGlobals) = postSolution
		SolutionGuid = {0CDEE84F-F2DE-4F35-9BD2-145FD52E0243}
	EndGlobalSection
EndGlobal
