
Microsoft Visual Studio Solution File, Format Version 12.00
# Visual Studio Version 16
VisualStudioVersion = 16.0.34601.136
MinimumVisualStudioVersion = 10.0.40219.1
Project("{FAE04EC0-301F-11D3-BF4B-00C04F79EFBC}") = "TVC_Haoduong", "TVC_Haoduong\TVC_Haoduong.csproj", "{2C160B9B-7576-4C89-9C27-0A5AF74B6E31}"
EndProject
Global
	GlobalSection(SolutionConfigurationPlatforms) = preSolution
		Debug|Any CPU = Debug|Any CPU
		Release|Any CPU = Release|Any CPU
	EndGlobalSection
	GlobalSection(ProjectConfigurationPlatforms) = postSolution
		{2C160B9B-7576-4C89-9C27-0A5AF74B6E31}.Debug|Any CPU.ActiveCfg = Debug|Any CPU
		{2C160B9B-7576-4C89-9C27-0A5AF74B6E31}.Debug|Any CPU.Build.0 = Debug|Any CPU
		{2C160B9B-7576-4C89-9C27-0A5AF74B6E31}.Release|Any CPU.ActiveCfg = Release|Any CPU
		{2C160B9B-7576-4C89-9C27-0A5AF74B6E31}.Release|Any CPU.Build.0 = Release|Any CPU
	EndGlobalSection
	GlobalSection(SolutionProperties) = preSolution
		HideSolutionNode = FALSE
	EndGlobalSection
	GlobalSection(ExtensibilityGlobals) = postSolution
		SolutionGuid = {A478F4A3-8D1C-4BE5-9926-92DAB69A9878}
	EndGlobalSection
EndGlobal
